
Microsoft Visual Studio Solution File, Format Version 12.00
# Visual Studio Version 17
VisualStudioVersion = 17.2.32630.192
MinimumVisualStudioVersion = 10.0.40219.1
Project("{FAE04EC0-301F-11D3-BF4B-00C04F79EFBC}") = "CQRSMediatoR", "CQRSMediatoR\CQRSMediatoR.csproj", "{14D52A6A-F9C9-4628-AAE4-8B334B17A6E0}"
EndProject
Global
	GlobalSection(SolutionConfigurationPlatforms) = preSolution
		Debug|Any CPU = Debug|Any CPU
		Release|Any CPU = Release|Any CPU
	EndGlobalSection
	GlobalSection(ProjectConfigurationPlatforms) = postSolution
		{14D52A6A-F9C9-4628-AAE4-8B334B17A6E0}.Debug|Any CPU.ActiveCfg = Debug|Any CPU
		{14D52A6A-F9C9-4628-AAE4-8B334B17A6E0}.Debug|Any CPU.Build.0 = Debug|Any CPU
		{14D52A6A-F9C9-4628-AAE4-8B334B17A6E0}.Release|Any CPU.ActiveCfg = Release|Any CPU
		{14D52A6A-F9C9-4628-AAE4-8B334B17A6E0}.Release|Any CPU.Build.0 = Release|Any CPU
	EndGlobalSection
	GlobalSection(SolutionProperties) = preSolution
		HideSolutionNode = FALSE
	EndGlobalSection
	GlobalSection(ExtensibilityGlobals) = postSolution
		SolutionGuid = {E85FC836-540E-46C8-8BCB-C100FFC5B712}
	EndGlobalSection
EndGlobal
